apiVersion: vendir.k14s.io/v1alpha1
directories:
- contents:
  - git:
      commitTitle: 'fix: run Rust audits without the legacy Checks API reporter'
      sha: 5277f7cecf66f07065e4c3d41518b53909d3d5cb
    path: .
  path: ../.github/workflows/vendor
- contents:
  - git:
      commitTitle: 'fix: run Rust audits without the legacy Checks API reporter'
      sha: 5277f7cecf66f07065e4c3d41518b53909d3d5cb
    path: .
  path: vendor
kind: LockConfig
