apiVersion: vendir.k14s.io/v1alpha1
directories:
- contents:
  - git:
      commitTitle: 'Merge pull request #28 from GaloyMoney/codex/fix-local-nix-cache-review-comments...'
      sha: 4c745197bae56b50cc41a65e375452848aa0a5c2
    path: .
  path: ../.github/workflows/vendor
- contents:
  - git:
      commitTitle: 'Merge pull request #28 from GaloyMoney/codex/fix-local-nix-cache-review-comments...'
      sha: 4c745197bae56b50cc41a65e375452848aa0a5c2
    path: .
  path: vendor
kind: LockConfig
